
Microsoft Visual Studio Solution File, Format Version 12.00
Project("{FAE04EC0-301F-11D3-BF4B-00C04F79EFBC}") = "DAL", "DAL\DAL.csproj", "{49576517-0321-41D8-8047-326A97BAEF84}"
EndProject
Project("{FAE04EC0-301F-11D3-BF4B-00C04F79EFBC}") = "DAL.Tests", "DAL.Tests\DAL.Tests.csproj", "{46F542C3-25D7-417F-9767-A8BA09AA68DA}"
EndProject
Project("{FAE04EC0-301F-11D3-BF4B-00C04F79EFBC}") = "BLL", "BLL\BLL.csproj", "{979EF9E2-A2B6-453E-8A1E-FBFEC5AC0F83}"
EndProject
Project("{FAE04EC0-301F-11D3-BF4B-00C04F79EFBC}") = "BLL.Tests", "BLL.Tests\BLL.Tests.csproj", "{EB3D3EB2-FF9D-472A-A5AB-2E386FC92DD8}"
EndProject
Project("{FAE04EC0-301F-11D3-BF4B-00C04F79EFBC}") = "CCL", "CCL\CCL.csproj", "{08768AA9-7D21-4644-8B39-E0464BF5C8AD}"
EndProject
Global
	GlobalSection(SolutionConfigurationPlatforms) = preSolution
		Debug|Any CPU = Debug|Any CPU
		Release|Any CPU = Release|Any CPU
	EndGlobalSection
	GlobalSection(ProjectConfigurationPlatforms) = postSolution
		{49576517-0321-41D8-8047-326A97BAEF84}.Debug|Any CPU.ActiveCfg = Debug|Any CPU
		{49576517-0321-41D8-8047-326A97BAEF84}.Debug|Any CPU.Build.0 = Debug|Any CPU
		{49576517-0321-41D8-8047-326A97BAEF84}.Release|Any CPU.ActiveCfg = Release|Any CPU
		{49576517-0321-41D8-8047-326A97BAEF84}.Release|Any CPU.Build.0 = Release|Any CPU
		{46F542C3-25D7-417F-9767-A8BA09AA68DA}.Debug|Any CPU.ActiveCfg = Debug|Any CPU
		{46F542C3-25D7-417F-9767-A8BA09AA68DA}.Debug|Any CPU.Build.0 = Debug|Any CPU
		{46F542C3-25D7-417F-9767-A8BA09AA68DA}.Release|Any CPU.ActiveCfg = Release|Any CPU
		{46F542C3-25D7-417F-9767-A8BA09AA68DA}.Release|Any CPU.Build.0 = Release|Any CPU
		{979EF9E2-A2B6-453E-8A1E-FBFEC5AC0F83}.Debug|Any CPU.ActiveCfg = Debug|Any CPU
		{979EF9E2-A2B6-453E-8A1E-FBFEC5AC0F83}.Debug|Any CPU.Build.0 = Debug|Any CPU
		{979EF9E2-A2B6-453E-8A1E-FBFEC5AC0F83}.Release|Any CPU.ActiveCfg = Release|Any CPU
		{979EF9E2-A2B6-453E-8A1E-FBFEC5AC0F83}.Release|Any CPU.Build.0 = Release|Any CPU
		{EB3D3EB2-FF9D-472A-A5AB-2E386FC92DD8}.Debug|Any CPU.ActiveCfg = Debug|Any CPU
		{EB3D3EB2-FF9D-472A-A5AB-2E386FC92DD8}.Debug|Any CPU.Build.0 = Debug|Any CPU
		{EB3D3EB2-FF9D-472A-A5AB-2E386FC92DD8}.Release|Any CPU.ActiveCfg = Release|Any CPU
		{EB3D3EB2-FF9D-472A-A5AB-2E386FC92DD8}.Release|Any CPU.Build.0 = Release|Any CPU
		{08768AA9-7D21-4644-8B39-E0464BF5C8AD}.Debug|Any CPU.ActiveCfg = Debug|Any CPU
		{08768AA9-7D21-4644-8B39-E0464BF5C8AD}.Debug|Any CPU.Build.0 = Debug|Any CPU
		{08768AA9-7D21-4644-8B39-E0464BF5C8AD}.Release|Any CPU.ActiveCfg = Release|Any CPU
		{08768AA9-7D21-4644-8B39-E0464BF5C8AD}.Release|Any CPU.Build.0 = Release|Any CPU
	EndGlobalSection
EndGlobal
